
Microsoft Visual Studio Solution File, Format Version 12.00
# Visual Studio Version 16
VisualStudioVersion = 16.0.29306.81
MinimumVisualStudioVersion = 10.0.40219.1
Project("{FAE04EC0-301F-11D3-BF4B-00C04F79EFBC}") = "PictureViewer", "PictureViewer\PictureViewer.csproj", "{184847E3-C35C-4EA4-8204-43DAB0E1A772}"
EndProject
Global
	GlobalSection(SolutionConfigurationPlatforms) = preSolution
		Debug|Any CPU = Debug|Any CPU
		Release|Any CPU = Release|Any CPU
	EndGlobalSection
	GlobalSection(ProjectConfigurationPlatforms) = postSolution
		{184847E3-C35C-4EA4-8204-43DAB0E1A772}.Debug|Any CPU.ActiveCfg = Debug|Any CPU
		{184847E3-C35C-4EA4-8204-43DAB0E1A772}.Debug|Any CPU.Build.0 = Debug|Any CPU
		{184847E3-C35C-4EA4-8204-43DAB0E1A772}.Release|Any CPU.ActiveCfg = Release|Any CPU
		{184847E3-C35C-4EA4-8204-43DAB0E1A772}.Release|Any CPU.Build.0 = Release|Any CPU
	EndGlobalSection
	GlobalSection(SolutionProperties) = preSolution
		HideSolutionNode = FALSE
	EndGlobalSection
	GlobalSection(ExtensibilityGlobals) = postSolution
		SolutionGuid = {CE93977A-41B4-41E4-BC7A-272ECE73A585}
	EndGlobalSection
EndGlobal
